
Microsoft Visual Studio Solution File, Format Version 12.00
# Visual Studio Version 16
VisualStudioVersion = 16.0.31729.503
MinimumVisualStudioVersion = 10.0.40219.1
Project("{FAE04EC0-301F-11D3-BF4B-00C04F79EFBC}") = "Course Project (Audio Player)", "Course Project (Audio Player)\Course Project (Audio Player).csproj", "{8F86B446-11D1-478A-8F8D-69A1DA419469}"
EndProject
Global
	GlobalSection(SolutionConfigurationPlatforms) = preSolution
		Debug|Any CPU = Debug|Any CPU
		Release|Any CPU = Release|Any CPU
	EndGlobalSection
	GlobalSection(ProjectConfigurationPlatforms) = postSolution
		{8F86B446-11D1-478A-8F8D-69A1DA419469}.Debug|Any CPU.ActiveCfg = Debug|Any CPU
		{8F86B446-11D1-478A-8F8D-69A1DA419469}.Debug|Any CPU.Build.0 = Debug|Any CPU
		{8F86B446-11D1-478A-8F8D-69A1DA419469}.Release|Any CPU.ActiveCfg = Release|Any CPU
		{8F86B446-11D1-478A-8F8D-69A1DA419469}.Release|Any CPU.Build.0 = Release|Any CPU
	EndGlobalSection
	GlobalSection(SolutionProperties) = preSolution
		HideSolutionNode = FALSE
	EndGlobalSection
	GlobalSection(ExtensibilityGlobals) = postSolution
		SolutionGuid = {672F988C-21D6-4EB4-A266-87153B32046A}
	EndGlobalSection
EndGlobal
